
Microsoft Visual Studio Solution File, Format Version 12.00
# Visual Studio Version 17
VisualStudioVersion = 17.5.33516.290
MinimumVisualStudioVersion = 10.0.40219.1
Project("{FAE04EC0-301F-11D3-BF4B-00C04F79EFBC}") = "MerchantApi", "MerchantApi.csproj", "{53C1DB91-FDC7-4CA5-B9E1-2BDC44F807BD}"
EndProject
Global
	GlobalSection(SolutionConfigurationPlatforms) = preSolution
		Debug|Any CPU = Debug|Any CPU
		Release|Any CPU = Release|Any CPU
	EndGlobalSection
	GlobalSection(ProjectConfigurationPlatforms) = postSolution
		{53C1DB91-FDC7-4CA5-B9E1-2BDC44F807BD}.Debug|Any CPU.ActiveCfg = Debug|Any CPU
		{53C1DB91-FDC7-4CA5-B9E1-2BDC44F807BD}.Debug|Any CPU.Build.0 = Debug|Any CPU
		{53C1DB91-FDC7-4CA5-B9E1-2BDC44F807BD}.Release|Any CPU.ActiveCfg = Release|Any CPU
		{53C1DB91-FDC7-4CA5-B9E1-2BDC44F807BD}.Release|Any CPU.Build.0 = Release|Any CPU
	EndGlobalSection
	GlobalSection(SolutionProperties) = preSolution
		HideSolutionNode = FALSE
	EndGlobalSection
	GlobalSection(ExtensibilityGlobals) = postSolution
		SolutionGuid = {7F3DD7E8-D244-4738-A654-651FE57C095B}
	EndGlobalSection
EndGlobal
